Microsoft Visual Studio Solution File, Format Version 12.00
# Visual Studio Version 17
VisualStudioVersion = 17.5.2.0
MinimumVisualStudioVersion = 10.0.40219.1
Project("{FAE04EC0-301F-11D3-BF4B-00C04F79EFBC}") = "Jarvis7.1s.API", "Jarvis7.1s.API.csproj", "{83B4F28E-D71B-2715-1D87-A4037D74C1AF}"
EndProject
Global
	GlobalSection(SolutionConfigurationPlatforms) = preSolution
		Debug|Any CPU = Debug|Any CPU
		Release|Any CPU = Release|Any CPU
	EndGlobalSection
	GlobalSection(ProjectConfigurationPlatforms) = postSolution
		{83B4F28E-D71B-2715-1D87-A4037D74C1AF}.Debug|Any CPU.ActiveCfg = Debug|Any CPU
		{83B4F28E-D71B-2715-1D87-A4037D74C1AF}.Debug|Any CPU.Build.0 = Debug|Any CPU
		{83B4F28E-D71B-2715-1D87-A4037D74C1AF}.Release|Any CPU.ActiveCfg = Release|Any CPU
		{83B4F28E-D71B-2715-1D87-A4037D74C1AF}.Release|Any CPU.Build.0 = Release|Any CPU
	EndGlobalSection
	GlobalSection(SolutionProperties) = preSolution
		HideSolutionNode = FALSE
	EndGlobalSection
	GlobalSection(ExtensibilityGlobals) = postSolution
		SolutionGuid = {6F20B46C-0C1B-4B02-B872-308500ECF315}
	EndGlobalSection
EndGlobal
