
Microsoft Visual Studio Solution File, Format Version 12.00
# Visual Studio Version 17
VisualStudioVersion = 17.0.31903.59
MinimumVisualStudioVersion = 10.0.40219.1
Project("{2150E333-8FDC-42A3-9474-1A3956D46DE8}") = "src", "src", "{EB429420-C802-4F00-AADB-07C9CC22E549}"
EndProject
Project("{FAE04EC0-301F-11D3-BF4B-00C04F79EFBC}") = "Jarvis7.1s.API", "src\Jarvis7.1s.API\Jarvis7.1s.API.csproj", "{702130AF-4CF9-440D-ABC5-D5B3019C0B88}"
EndProject
Project("{FAE04EC0-301F-11D3-BF4B-00C04F79EFBC}") = "Jarvis7.1s.Domain", "src\Jarvis7.1s.Domain\Jarvis7.1s.Domain.csproj", "{7510B0E3-B552-4176-94CC-77970E385124}"
EndProject
Global
	GlobalSection(SolutionConfigurationPlatforms) = preSolution
		Debug|Any CPU = Debug|Any CPU
		Release|Any CPU = Release|Any CPU
	EndGlobalSection
	GlobalSection(SolutionProperties) = preSolution
		HideSolutionNode = FALSE
	EndGlobalSection
	GlobalSection(ProjectConfigurationPlatforms) = postSolution
		{702130AF-4CF9-440D-ABC5-D5B3019C0B88}.Debug|Any CPU.ActiveCfg = Debug|Any CPU
		{702130AF-4CF9-440D-ABC5-D5B3019C0B88}.Debug|Any CPU.Build.0 = Debug|Any CPU
		{702130AF-4CF9-440D-ABC5-D5B3019C0B88}.Release|Any CPU.ActiveCfg = Release|Any CPU
		{702130AF-4CF9-440D-ABC5-D5B3019C0B88}.Release|Any CPU.Build.0 = Release|Any CPU
		{7510B0E3-B552-4176-94CC-77970E385124}.Debug|Any CPU.ActiveCfg = Debug|Any CPU
		{7510B0E3-B552-4176-94CC-77970E385124}.Debug|Any CPU.Build.0 = Debug|Any CPU
		{7510B0E3-B552-4176-94CC-77970E385124}.Release|Any CPU.ActiveCfg = Release|Any CPU
		{7510B0E3-B552-4176-94CC-77970E385124}.Release|Any CPU.Build.0 = Release|Any CPU
	EndGlobalSection
	GlobalSection(NestedProjects) = preSolution
		{702130AF-4CF9-440D-ABC5-D5B3019C0B88} = {EB429420-C802-4F00-AADB-07C9CC22E549}
		{7510B0E3-B552-4176-94CC-77970E385124} = {EB429420-C802-4F00-AADB-07C9CC22E549}
	EndGlobalSection
EndGlobal
